
Microsoft Visual Studio Solution File, Format Version 12.00
# Visual Studio Version 16
VisualStudioVersion = 16.0.34407.143
MinimumVisualStudioVersion = 10.0.40219.1
Project("{FAE04EC0-301F-11D3-BF4B-00C04F79EFBC}") = "UKD-OOP-StrategyPattern", "UKD-OOP-StrategyPattern\UKD-OOP-StrategyPattern.csproj", "{0F21AD30-71E4-45D1-9DA0-DCA459556D56}"
EndProject
Global
	GlobalSection(SolutionConfigurationPlatforms) = preSolution
		Debug|Any CPU = Debug|Any CPU
		Release|Any CPU = Release|Any CPU
	EndGlobalSection
	GlobalSection(ProjectConfigurationPlatforms) = postSolution
		{0F21AD30-71E4-45D1-9DA0-DCA459556D56}.Debug|Any CPU.ActiveCfg = Debug|Any CPU
		{0F21AD30-71E4-45D1-9DA0-DCA459556D56}.Debug|Any CPU.Build.0 = Debug|Any CPU
		{0F21AD30-71E4-45D1-9DA0-DCA459556D56}.Release|Any CPU.ActiveCfg = Release|Any CPU
		{0F21AD30-71E4-45D1-9DA0-DCA459556D56}.Release|Any CPU.Build.0 = Release|Any CPU
	EndGlobalSection
	GlobalSection(SolutionProperties) = preSolution
		HideSolutionNode = FALSE
	EndGlobalSection
	GlobalSection(ExtensibilityGlobals) = postSolution
		SolutionGuid = {4EAE3F33-7D24-4214-ABCB-1945FC7E1D66}
	EndGlobalSection
EndGlobal
